{
  "name": "dve-examples",
  "lockfileVersion": 2,
  "requires": true,
  "packages": {
    "": {
      "dependencies": {
        "@types/babylonjs": "^2.4.1"
      }
    },
    "node_modules/@types/babylonjs": {
      "version": "2.4.1",
      "resolved": "https://registry.npmjs.org/@types/babylonjs/-/babylonjs-2.4.1.tgz",
      "integrity": "sha512-vt6db2PxisxsnLvL5holHLV9vMJzELAhFq54syX/tKncTmjeraQSR1W20j9/KYLEpAFU18u76rK8utb8JlUrtQ==",
      "deprecated": "This is a stub types definition for BabylonJS (http://www.babylonjs.com/). BabylonJS provides its own type definitions, so you don't need @types/babylonjs installed!",
      "dependencies": {
        "babylonjs": "*"
      }
    },
    "node_modules/babylonjs": {
      "version": "5.22.1",
      "resolved": "https://registry.npmjs.org/babylonjs/-/babylonjs-5.22.1.tgz",
      "integrity": "sha512-GLqxLo64gMiLr5Cmml+bzJxnBOSn0Llgu/IcqRZx3Zd0xlUzsqlBzf6/B0sDdp0/mg/1yUQOF4pLSmb910ya4A==",
      "hasInstallScript": true
    }
  },
  "dependencies": {
    "@types/babylonjs": {
      "version": "2.4.1",
      "resolved": "https://registry.npmjs.org/@types/babylonjs/-/babylonjs-2.4.1.tgz",
      "integrity": "sha512-vt6db2PxisxsnLvL5holHLV9vMJzELAhFq54syX/tKncTmjeraQSR1W20j9/KYLEpAFU18u76rK8utb8JlUrtQ==",
      "requires": {
        "babylonjs": "*"
      }
    },
    "babylonjs": {
      "version": "5.22.1",
      "resolved": "https://registry.npmjs.org/babylonjs/-/babylonjs-5.22.1.tgz",
      "integrity": "sha512-GLqxLo64gMiLr5Cmml+bzJxnBOSn0Llgu/IcqRZx3Zd0xlUzsqlBzf6/B0sDdp0/mg/1yUQOF4pLSmb910ya4A=="
    }
  }
}
